
Microsoft Visual Studio Solution File, Format Version 12.00
# Visual Studio Version 17
VisualStudioVersion = 17.8.34511.84
MinimumVisualStudioVersion = 10.0.40219.1
Project("{FAE04EC0-301F-11D3-BF4B-00C04F79EFBC}") = "COMP003A.Assignment2", "COMP003A.Assignment2\COMP003A.Assignment2.csproj", "{906D0E1F-D066-48DC-97A8-3EFDDF187C31}"
EndProject
Global
	GlobalSection(SolutionConfigurationPlatforms) = preSolution
		Debug|Any CPU = Debug|Any CPU
		Release|Any CPU = Release|Any CPU
	EndGlobalSection
	GlobalSection(ProjectConfigurationPlatforms) = postSolution
		{906D0E1F-D066-48DC-97A8-3EFDDF187C31}.Debug|Any CPU.ActiveCfg = Debug|Any CPU
		{906D0E1F-D066-48DC-97A8-3EFDDF187C31}.Debug|Any CPU.Build.0 = Debug|Any CPU
		{906D0E1F-D066-48DC-97A8-3EFDDF187C31}.Release|Any CPU.ActiveCfg = Release|Any CPU
		{906D0E1F-D066-48DC-97A8-3EFDDF187C31}.Release|Any CPU.Build.0 = Release|Any CPU
	EndGlobalSection
	GlobalSection(SolutionProperties) = preSolution
		HideSolutionNode = FALSE
	EndGlobalSection
	GlobalSection(ExtensibilityGlobals) = postSolution
		SolutionGuid = {37DEA632-E2FD-47E9-BBD4-DC4A50A2C1FE}
	EndGlobalSection
EndGlobal
